class Order {
  constructor(private readonly items: OrderItem[]) {}

  getTotalPrice(): number {
    return this.items.reduce((total, item) => total + item.getPrice(), 0);
  }
}

class OrderItem {
  constructor(private readonly product: Product, private readonly quantity: number) {}

  getPrice(): number {
    return this.product.getPrice() * this.quantity;
  }
}

class Product {
  constructor(private readonly name: string, private readonly price: number) {}

  getPrice(): number {
    return this.price;
  }
}