import { Test, TestingModule } from '@nestjs/testing';
import { YourService } from './your.service';

describe('YourService', () => {
  let service: YourService;

  beforeEach(async () => {
    const module: TestingModule = await Test.createTestingModule({
      providers: [YourService],
    }).compile();

    service = module.get<YourService>(YourService);
  });

  it('should be defined', () => {
    expect(service).toBeDefined();
  });

  // Add your test cases here
});